{
  "version": 4,
  "terraform_version": "1.4.5",
  "serial": 50,
  "lineage": "19599a9b-2746-642f-5b2d-ffd23214a10b",
  "outputs": {
    "kubernetes_cluster_host": {
      "value": "34.27.65.12",
      "type": "string"
    },
    "kubernetes_cluster_name": {
      "value": "effective-cacao-384010-gke",
      "type": "string"
    },
    "project_id": {
      "value": "effective-cacao-384010",
      "type": "string"
    },
    "region": {
      "value": "us-central1",
      "type": "string"
    }
  },
  "resources": [
    {
      "mode": "managed",
      "type": "google_compute_network",
      "name": "vpc",
      "provider": "provider[\"registry.terraform.io/hashicorp/google\"]",
      "instances": [
        {
          "schema_version": 0,
          "attributes": {
            "auto_create_subnetworks": false,
            "delete_default_routes_on_create": false,
            "description": "",
            "enable_ula_internal_ipv6": false,
            "gateway_ipv4": "",
            "id": "projects/effective-cacao-384010/global/networks/effective-cacao-384010-vpc",
            "internal_ipv6_range": "",
            "mtu": 0,
            "name": "effective-cacao-384010-vpc",
            "project": "effective-cacao-384010",
            "routing_mode": "REGIONAL",
            "self_link": "https://www.googleapis.com/compute/v1/projects/effective-cacao-384010/global/networks/effective-cacao-384010-vpc",
            "timeouts": null
          },
          "sensitive_attributes": [],
          "private": "eyJlMmJmYjczMC1lY2FhLTExZTYtOGY4OC0zNDM2M2JjN2M0YzAiOnsiY3JlYXRlIjoxMjAwMDAwMDAwMDAwLCJkZWxldGUiOjEyMDAwMDAwMDAwMDAsInVwZGF0ZSI6MTIwMDAwMDAwMDAwMH19"
        }
      ]
    },
    {
      "mode": "managed",
      "type": "google_compute_subnetwork",
      "name": "subnet",
      "provider": "provider[\"registry.terraform.io/hashicorp/google\"]",
      "instances": [
        {
          "schema_version": 0,
          "attributes": {
            "creation_timestamp": "2023-04-17T12:27:13.197-07:00",
            "description": "",
            "external_ipv6_prefix": "",
            "fingerprint": null,
            "gateway_address": "10.10.0.1",
            "id": "projects/effective-cacao-384010/regions/us-central1/subnetworks/effective-cacao-384010-subnet",
            "ip_cidr_range": "10.10.0.0/24",
            "ipv6_access_type": "",
            "ipv6_cidr_range": "",
            "log_config": [],
            "name": "effective-cacao-384010-subnet",
            "network": "https://www.googleapis.com/compute/v1/projects/effective-cacao-384010/global/networks/effective-cacao-384010-vpc",
            "private_ip_google_access": false,
            "private_ipv6_google_access": "DISABLE_GOOGLE_ACCESS",
            "project": "effective-cacao-384010",
            "purpose": "PRIVATE",
            "region": "us-central1",
            "role": "",
            "secondary_ip_range": [],
            "self_link": "https://www.googleapis.com/compute/v1/projects/effective-cacao-384010/regions/us-central1/subnetworks/effective-cacao-384010-subnet",
            "stack_type": "IPV4_ONLY",
            "timeouts": null
          },
          "sensitive_attributes": [],
          "private": "eyJlMmJmYjczMC1lY2FhLTExZTYtOGY4OC0zNDM2M2JjN2M0YzAiOnsiY3JlYXRlIjoxMjAwMDAwMDAwMDAwLCJkZWxldGUiOjEyMDAwMDAwMDAwMDAsInVwZGF0ZSI6MTIwMDAwMDAwMDAwMH19",
          "dependencies": [
            "google_compute_network.vpc"
          ]
        }
      ]
    },
    {
      "mode": "managed",
      "type": "google_container_cluster",
      "name": "primary",
      "provider": "provider[\"registry.terraform.io/hashicorp/google\"]",
      "instances": [
        {
          "schema_version": 1,
          "attributes": {
            "addons_config": [
              {
                "cloudrun_config": [],
                "gcp_filestore_csi_driver_config": [],
                "horizontal_pod_autoscaling": [],
                "http_load_balancing": [],
                "network_policy_config": [
                  {
                    "disabled": true
                  }
                ]
              }
            ],
            "authenticator_groups_config": [],
            "cluster_autoscaling": [
              {
                "auto_provisioning_defaults": [],
                "enabled": false,
                "resource_limits": []
              }
            ],
            "cluster_ipv4_cidr": "10.144.0.0/14",
            "confidential_nodes": [],
            "database_encryption": [
              {
                "key_name": "",
                "state": "DECRYPTED"
              }
            ],
            "datapath_provider": "",
            "default_max_pods_per_node": null,
            "default_snat_status": [
              {
                "disabled": false
              }
            ],
            "description": "",
            "dns_config": [],
            "enable_autopilot": false,
            "enable_binary_authorization": false,
            "enable_intranode_visibility": false,
            "enable_kubernetes_alpha": false,
            "enable_legacy_abac": false,
            "enable_shielded_nodes": true,
            "enable_tpu": false,
            "endpoint": "34.27.65.12",
            "id": "projects/effective-cacao-384010/locations/us-central1-f/clusters/effective-cacao-384010-gke",
            "initial_node_count": 1,
            "ip_allocation_policy": [],
            "label_fingerprint": "a9dc16a7",
            "location": "us-central1-f",
            "logging_config": [
              {
                "enable_components": [
                  "SYSTEM_COMPONENTS",
                  "WORKLOADS"
                ]
              }
            ],
            "logging_service": "logging.googleapis.com/kubernetes",
            "maintenance_policy": [],
            "master_auth": [
              {
                "client_certificate": "",
                "client_certificate_config": [
                  {
                    "issue_client_certificate": false
                  }
                ],
                "client_key": "",
                "cluster_ca_certificate": "LS0tLS1CRUdJTiBDRVJUSUZJQ0FURS0tLS0tCk1JSUVMVENDQXBXZ0F3SUJBZ0lSQUtxU3NxdXA1cnpLdmZNcjgveFBZc013RFFZSktvWklodmNOQVFFTEJRQXcKTHpFdE1Dc0dBMVVFQXhNa09EbGtZVGswWmpNdFltUXdZUzAwTXpWbExUazJaalV0TW1Fek9HSTJaVFkwWm1RegpNQ0FYRFRJek1EUXhOekU0TWpjeU5sb1lEekl3TlRNd05EQTVNVGt5TnpJMldqQXZNUzB3S3dZRFZRUURFeVE0Ck9XUmhPVFJtTXkxaVpEQmhMVFF6TldVdE9UWm1OUzB5WVRNNFlqWmxOalJtWkRNd2dnR2lNQTBHQ1NxR1NJYjMKRFFFQkFRVUFBNElCandBd2dnR0tBb0lCZ1FESnN3Q1lDK3J5bmUyZ3U1dkhWSFZ1OWk5RVpNNGFWV0NETjBlcgpYNHdYZytsd1NpNjdMWGJ0cldmWjdqM0NSNFQweWljRzBvdndCMkJQRUhFVlNuVWJVRUh3dDBjTUdwK1ZvWG9zCmVUZW8wMkJTU1k0akVHMDByTXRaeGhCT0Y3Y3Y3QndxaHFUMDZ5RzFOcG1BcVhxQXNMZ1EwKzBhQkcyVVFGNDgKVHlIL2IvZHBaZlQwZ3p2Mi8vcXhBRG9oSTBYRW5EeTFobnFac3VyQlVSK2JLQXNIbzVLMlZpbll5c0JKejd3dQpLWFg5UXpWZHMyaXNGci90RUJMNjA4RmFQVk91OHZQWG4zZEhRUE1KZ0szOGdHem96WUdjUDltd3Axbk9XaHlECnJRTGdkSXhUZnFvS3N6VGg2NVlSY0FOcXhWckVXWTR4cUdwVExWaWgrdmt0dGY3Z0cvUU9ISFJNN3NvT3VNYzIKSGNwNHVvdXZONkZERzNwV0tqUzBEN0JzSVZsSm1iNFpkRS93WkpKMHQwZU15R0Z6bEVFZUIwR3Nvb3hPRU5mTgphSGd2VGRsS1VCVGxrMnhHU0pNWFc5L3JwdFZEWkZRZzVCaHVpMEpHYzR1K0tnV0tkUEt2aFZLQ3QvV3h0YUNZCjZPNnBFVkozWWJyeXc4MnN6cExNQWd6alFETUNBd0VBQWFOQ01FQXdEZ1lEVlIwUEFRSC9CQVFEQWdJRU1BOEcKQTFVZEV3RUIvd1FGTUFNQkFmOHdIUVlEVlIwT0JCWUVGSDRpYnc1dDY2bWsyZ05sNDJXSXM5SjF5bDExTUEwRwpDU3FHU0liM0RRRUJDd1VBQTRJQmdRQm5IeVUwYkxhZFUrVlcyaG1iNlJoSmpzVGduemk2djJtemp1Uzg2cy80CkVpZVg3RkV6SXYrR1pZTEJReDU5Z0UvRGtCYXVIZnhnV3oyRnBFcFNsWnNBNnF2NFR5eGY2REJLTk9KYmEySmYKZjF5NkxacThHbVYvTWZEWHZoRC9TT3I4RGptbVRkOEpGazY2QkU0N3hkYVk0MVp1RkEzMzRkWmRhMGloUGtPcwpJd3A1NENIN3JvdUxWdS82NUdKMVlWQXBCMTA1NE5MeUwveDRraFdmSGV5ODAyR2xoc1p0NnJkYUtqZTBGWnVtCnVXTDVoN3dBMjlENzAxMmhKa2xneWdyaDIrQVN2QVdxK01UbU13YU5EMXZqdFEvc3R2YlJrTkc0N3RITnZjYU4KdVAvSE8raHMwZlZQZVRWb1U5d2xtYXZiaFVNbm5lSTBDYnFhbUc2MlFuOUdIc1psZ1BQa2wwSi9JQXNLMGpIcgpidXNHQnFoUFFndktEU1VLbjBGUjJXUTB0N3c0a3Rlakk4blJGdjJiZnVGL0t1YktkZWxwQWdFQ3lERFZPNHFSCjBLalA1RWVFK1MrczYxcFZvRk5wMUtqNVE2clErV0RlaHVZNzBNR2RZUHJOcDlVM1pqWHhnd1d6Q1QvOG1qZFcKWUJkazZ0US9MdHJoTFV2N3dBR3ptK289Ci0tLS0tRU5EIENFUlRJRklDQVRFLS0tLS0K"
              }
            ],
            "master_authorized_networks_config": [],
            "master_version": "1.24.9-gke.3200",
            "min_master_version": null,
            "monitoring_config": [
              {
                "enable_components": [
                  "SYSTEM_COMPONENTS"
                ]
              }
            ],
            "monitoring_service": "monitoring.googleapis.com/kubernetes",
            "name": "effective-cacao-384010-gke",
            "network": "projects/effective-cacao-384010/global/networks/effective-cacao-384010-vpc",
            "network_policy": [
              {
                "enabled": false,
                "provider": "PROVIDER_UNSPECIFIED"
              }
            ],
            "networking_mode": "ROUTES",
            "node_config": [],
            "node_locations": [],
            "node_pool": [],
            "node_version": "1.24.9-gke.3200",
            "operation": null,
            "private_cluster_config": [
              {
                "enable_private_endpoint": false,
                "enable_private_nodes": false,
                "master_global_access_config": [
                  {
                    "enabled": false
                  }
                ],
                "master_ipv4_cidr_block": "",
                "peering_name": "",
                "private_endpoint": "10.10.0.2",
                "public_endpoint": "34.27.65.12"
              }
            ],
            "private_ipv6_google_access": "",
            "project": "effective-cacao-384010",
            "release_channel": [
              {
                "channel": "REGULAR"
              }
            ],
            "remove_default_node_pool": true,
            "resource_labels": null,
            "resource_usage_export_config": [],
            "self_link": "https://container.googleapis.com/v1/projects/effective-cacao-384010/zones/us-central1-f/clusters/effective-cacao-384010-gke",
            "services_ipv4_cidr": "10.147.240.0/20",
            "subnetwork": "projects/effective-cacao-384010/regions/us-central1/subnetworks/effective-cacao-384010-subnet",
            "timeouts": null,
            "tpu_ipv4_cidr_block": "",
            "vertical_pod_autoscaling": [],
            "workload_identity_config": []
          },
          "sensitive_attributes": [],
          "private": "eyJlMmJmYjczMC1lY2FhLTExZTYtOGY4OC0zNDM2M2JjN2M0YzAiOnsiY3JlYXRlIjoyNDAwMDAwMDAwMDAwLCJkZWxldGUiOjI0MDAwMDAwMDAwMDAsInJlYWQiOjI0MDAwMDAwMDAwMDAsInVwZGF0ZSI6MzYwMDAwMDAwMDAwMH0sInNjaGVtYV92ZXJzaW9uIjoiMSJ9",
          "dependencies": [
            "google_compute_network.vpc",
            "google_compute_subnetwork.subnet"
          ]
        }
      ]
    },
    {
      "mode": "managed",
      "type": "google_container_node_pool",
      "name": "primary_nodes",
      "provider": "provider[\"registry.terraform.io/hashicorp/google\"]",
      "instances": [
        {
          "schema_version": 1,
          "attributes": {
            "autoscaling": [],
            "cluster": "effective-cacao-384010-gke",
            "id": "projects/effective-cacao-384010/locations/us-central1-f/clusters/effective-cacao-384010-gke/nodePools/effective-cacao-384010-gke",
            "initial_node_count": 2,
            "instance_group_urls": [
              "https://www.googleapis.com/compute/v1/projects/effective-cacao-384010/zones/us-central1-f/instanceGroupManagers/gke-effective-cacao--effective-cacao--8332c948-grp"
            ],
            "location": "us-central1-f",
            "managed_instance_group_urls": [
              "https://www.googleapis.com/compute/v1/projects/effective-cacao-384010/zones/us-central1-f/instanceGroups/gke-effective-cacao--effective-cacao--8332c948-grp"
            ],
            "management": [
              {
                "auto_repair": true,
                "auto_upgrade": true
              }
            ],
            "max_pods_per_node": null,
            "name": "effective-cacao-384010-gke",
            "name_prefix": "",
            "node_config": [
              {
                "boot_disk_kms_key": "",
                "disk_size_gb": 50,
                "disk_type": "pd-balanced",
                "gcfs_config": [],
                "guest_accelerator": [],
                "gvnic": [],
                "image_type": "COS_CONTAINERD",
                "labels": {
                  "env": "effective-cacao-384010"
                },
                "local_ssd_count": 0,
                "machine_type": "n1-standard-1",
                "metadata": {
                  "disable-legacy-endpoints": "true"
                },
                "min_cpu_platform": "",
                "node_group": "",
                "oauth_scopes": [
                  "https://www.googleapis.com/auth/logging.write",
                  "https://www.googleapis.com/auth/monitoring"
                ],
                "preemptible": true,
                "service_account": "default",
                "shielded_instance_config": [
                  {
                    "enable_integrity_monitoring": true,
                    "enable_secure_boot": false
                  }
                ],
                "spot": false,
                "tags": [
                  "gke-node",
                  "effective-cacao-384010-gke"
                ],
                "taint": [],
                "workload_metadata_config": []
              }
            ],
            "node_count": 2,
            "node_locations": [
              "us-central1-f"
            ],
            "operation": null,
            "project": "effective-cacao-384010",
            "timeouts": null,
            "upgrade_settings": [
              {
                "max_surge": 1,
                "max_unavailable": 0
              }
            ],
            "version": "1.24.9-gke.3200"
          },
          "sensitive_attributes": [],
          "private": "eyJlMmJmYjczMC1lY2FhLTExZTYtOGY4OC0zNDM2M2JjN2M0YzAiOnsiY3JlYXRlIjoxODAwMDAwMDAwMDAwLCJkZWxldGUiOjE4MDAwMDAwMDAwMDAsInVwZGF0ZSI6MTgwMDAwMDAwMDAwMH0sInNjaGVtYV92ZXJzaW9uIjoiMSJ9",
          "dependencies": [
            "google_compute_network.vpc",
            "google_compute_subnetwork.subnet",
            "google_container_cluster.primary"
          ]
        }
      ]
    }
  ],
  "check_results": null
}
